
Microsoft Visual Studio Solution File, Format Version 12.00
# Visual Studio Version 16
VisualStudioVersion = 16.0.31702.278
MinimumVisualStudioVersion = 10.0.40219.1
Project("{FAE04EC0-301F-11D3-BF4B-00C04F79EFBC}") = "NumberReverse", "NumberReverse\NumberReverse.csproj", "{92CC1773-42F7-4883-9328-62D30B036640}"
EndProject
Global
	GlobalSection(SolutionConfigurationPlatforms) = preSolution
		Debug|Any CPU = Debug|Any CPU
		Release|Any CPU = Release|Any CPU
	EndGlobalSection
	GlobalSection(ProjectConfigurationPlatforms) = postSolution
		{92CC1773-42F7-4883-9328-62D30B036640}.Debug|Any CPU.ActiveCfg = Debug|Any CPU
		{92CC1773-42F7-4883-9328-62D30B036640}.Debug|Any CPU.Build.0 = Debug|Any CPU
		{92CC1773-42F7-4883-9328-62D30B036640}.Release|Any CPU.ActiveCfg = Release|Any CPU
		{92CC1773-42F7-4883-9328-62D30B036640}.Release|Any CPU.Build.0 = Release|Any CPU
	EndGlobalSection
	GlobalSection(SolutionProperties) = preSolution
		HideSolutionNode = FALSE
	EndGlobalSection
	GlobalSection(ExtensibilityGlobals) = postSolution
		SolutionGuid = {D947C3F9-CDC1-403C-8952-2763B95601AA}
	EndGlobalSection
EndGlobal
